{
  "version": 4,
  "terraform_version": "1.14.3",
  "serial": 11,
  "lineage": "fe36acf2-ce6d-9c9a-490e-2c460b4d5a13",
  "outputs": {
    "backend_url": {
      "value": "http://34.238.235.32:5000",
      "type": "string"
    },
    "frontend_url": {
      "value": "http://34.238.235.32",
      "type": "string"
    },
    "instance_public_ip": {
      "value": "34.238.235.32",
      "type": "string"
    }
  },
  "resources": [
    {
      "mode": "data",
      "type": "aws_subnets",
      "name": "default",
      "provider": "provider[\"registry.terraform.io/hashicorp/aws\"]",
      "instances": [
        {
          "schema_version": 0,
          "attributes": {
            "filter": [
              {
                "name": "vpc-id",
                "values": [
                  "vpc-02ac37bece223d7c8"
                ]
              }
            ],
            "id": "us-east-1",
            "ids": [
              "subnet-05e6b37d0e94d69ae",
              "subnet-0e3de016494d6461d",
              "subnet-003bbe8323e730257",
              "subnet-00a46cdd1e00a799a",
              "subnet-0169406da73d3d241",
              "subnet-0f88f79c37764f0d7"
            ],
            "region": "us-east-1",
            "tags": null,
            "timeouts": null
          },
          "sensitive_attributes": [],
          "identity_schema_version": 0
        }
      ]
    },
    {
      "mode": "data",
      "type": "aws_vpc",
      "name": "default",
      "provider": "provider[\"registry.terraform.io/hashicorp/aws\"]",
      "instances": [
        {
          "schema_version": 0,
          "attributes": {
            "arn": "arn:aws:ec2:us-east-1:524485340929:vpc/vpc-02ac37bece223d7c8",
            "cidr_block": "172.31.0.0/16",
            "cidr_block_associations": [
              {
                "association_id": "vpc-cidr-assoc-0673f17ed3a8f6296",
                "cidr_block": "172.31.0.0/16",
                "state": "associated"
              }
            ],
            "default": true,
            "dhcp_options_id": "dopt-0d87bc3620d3f38e8",
            "enable_dns_hostnames": true,
            "enable_dns_support": true,
            "enable_network_address_usage_metrics": false,
            "filter": null,
            "id": "vpc-02ac37bece223d7c8",
            "instance_tenancy": "default",
            "ipv6_association_id": "",
            "ipv6_cidr_block": "",
            "main_route_table_id": "rtb-08f785d1d052b8696",
            "owner_id": "524485340929",
            "region": "us-east-1",
            "state": null,
            "tags": {},
            "timeouts": null
          },
          "sensitive_attributes": [],
          "identity_schema_version": 0
        }
      ]
    },
    {
      "mode": "managed",
      "type": "aws_instance",
      "name": "microblog",
      "provider": "provider[\"registry.terraform.io/hashicorp/aws\"]",
      "instances": [
        {
          "schema_version": 2,
          "attributes": {
            "ami": "ami-0fb0b230890ccd1e6",
            "arn": "arn:aws:ec2:us-east-1:524485340929:instance/i-03926a3ac6ee5fc82",
            "associate_public_ip_address": true,
            "availability_zone": "us-east-1b",
            "capacity_reservation_specification": [
              {
                "capacity_reservation_preference": "open",
                "capacity_reservation_target": []
              }
            ],
            "cpu_options": [
              {
                "amd_sev_snp": "",
                "core_count": 1,
                "threads_per_core": 2
              }
            ],
            "credit_specification": [
              {
                "cpu_credits": "unlimited"
              }
            ],
            "disable_api_stop": false,
            "disable_api_termination": false,
            "ebs_block_device": [],
            "ebs_optimized": false,
            "enable_primary_ipv6": null,
            "enclave_options": [
              {
                "enabled": false
              }
            ],
            "ephemeral_block_device": [],
            "force_destroy": false,
            "get_password_data": false,
            "hibernation": false,
            "host_id": "",
            "host_resource_group_arn": null,
            "iam_instance_profile": "",
            "id": "i-03926a3ac6ee5fc82",
            "instance_initiated_shutdown_behavior": "stop",
            "instance_lifecycle": "",
            "instance_market_options": [],
            "instance_state": "running",
            "instance_type": "t3.micro",
            "ipv6_address_count": 0,
            "ipv6_addresses": [],
            "key_name": "devops-key",
            "launch_template": [],
            "maintenance_options": [
              {
                "auto_recovery": "default"
              }
            ],
            "metadata_options": [
              {
                "http_endpoint": "enabled",
                "http_protocol_ipv6": "disabled",
                "http_put_response_hop_limit": 1,
                "http_tokens": "optional",
                "instance_metadata_tags": "disabled"
              }
            ],
            "monitoring": false,
            "network_interface": [],
            "outpost_arn": "",
            "password_data": "",
            "placement_group": "",
            "placement_group_id": "",
            "placement_partition_number": 0,
            "primary_network_interface": [
              {
                "delete_on_termination": true,
                "network_interface_id": "eni-01a459925e6d46ed7"
              }
            ],
            "primary_network_interface_id": "eni-01a459925e6d46ed7",
            "private_dns": "ip-172-31-94-64.ec2.internal",
            "private_dns_name_options": [
              {
                "enable_resource_name_dns_a_record": false,
                "enable_resource_name_dns_aaaa_record": false,
                "hostname_type": "ip-name"
              }
            ],
            "private_ip": "172.31.94.64",
            "public_dns": "ec2-34-238-235-32.compute-1.amazonaws.com",
            "public_ip": "34.238.235.32",
            "region": "us-east-1",
            "root_block_device": [
              {
                "delete_on_termination": true,
                "device_name": "/dev/sda1",
                "encrypted": false,
                "iops": 100,
                "kms_key_id": "",
                "tags": {},
                "tags_all": {},
                "throughput": 0,
                "volume_id": "vol-07a2a548348b402fa",
                "volume_size": 8,
                "volume_type": "gp2"
              }
            ],
            "secondary_private_ips": [],
            "security_groups": [
              "microblog-sg"
            ],
            "source_dest_check": true,
            "spot_instance_request_id": "",
            "subnet_id": "subnet-05e6b37d0e94d69ae",
            "tags": {
              "Name": "microblog-server"
            },
            "tags_all": {
              "Name": "microblog-server"
            },
            "tenancy": "default",
            "timeouts": null,
            "user_data": "#!/bin/bash\r\nset -euo pipefail\r\n\r\n# Update and install Docker\r\nif command -v dnf \u003e/dev/null 2\u003e\u00261; then\r\n  dnf -y update\r\n  dnf -y install docker\r\nelif command -v yum \u003e/dev/null 2\u003e\u00261; then\r\n  yum -y update\r\n  yum -y install docker\r\nfi\r\n\r\nsystemctl enable docker\r\nsystemctl start docker\r\nusermod -aG docker ec2-user || true\r\n\r\n# Install Docker Compose v2 plugin\r\nmkdir -p /usr/local/lib/docker/cli-plugins\r\ncurl -SL \"https://github.com/docker/compose/releases/download/v2.24.7/docker-compose-linux-x86_64\" -o /usr/local/lib/docker/cli-plugins/docker-compose\r\nchmod +x /usr/local/lib/docker/cli-plugins/docker-compose\r\n\r\n# App directory\r\nmkdir -p /opt/microblog\r\ncd /opt/microblog\r\n\r\n# Create .env\r\ncat \u003e .env \u003c\u003cEOF\r\nMONGO_URL=mongodb+srv://devops:devops@cluster0.bynjmyx.mongodb.net/?appName=Cluster0\r\nJWT_SECRET=change-me\r\nBACKEND_PORT=5000\r\nNODE_ENV=production\r\nFRONTEND_PORT=80\r\nEOF\r\n\r\n# Create docker-compose.yml\r\ncat \u003e docker-compose.yml \u003c\u003cEOF\r\nversion: \"3.8\"\r\nservices:\r\n  backend:\r\n    image: keshan01/microblog-backend:latest\r\n    container_name: microblog-backend\r\n    restart: unless-stopped\r\n    env_file:\r\n      - .env\r\n    environment:\r\n      PORT: 5000\r\n    ports:\r\n      - \"5000:5000\"\r\n    networks:\r\n      - microblog-network\r\n\r\n  frontend:\r\n    image: keshan01/microblog-frontend:latest\r\n    container_name: microblog-frontend\r\n    restart: unless-stopped\r\n    ports:\r\n      - \"80:80\"\r\n    depends_on:\r\n      - backend\r\n    networks:\r\n      - microblog-network\r\n\r\nnetworks:\r\n  microblog-network:\r\n    driver: bridge\r\nEOF\r\n\r\n# Pull and run\r\n/usr/local/lib/docker/cli-plugins/docker-compose pull\r\n/usr/local/lib/docker/cli-plugins/docker-compose up -d\r\n",
            "user_data_base64": null,
            "user_data_replace_on_change": false,
            "volume_tags": null,
            "vpc_security_group_ids": [
              "sg-04b67fcdec9ea4ed9"
            ]
          },
          "sensitive_attributes": [
            [
              {
                "type": "get_attr",
                "value": "user_data"
              }
            ]
          ],
          "identity_schema_version": 0,
          "identity": {
            "account_id": "524485340929",
            "id": "i-03926a3ac6ee5fc82",
            "region": "us-east-1"
          },
          "private": "eyJlMmJmYjczMC1lY2FhLTExZTYtOGY4OC0zNDM2M2JjN2M0YzAiOnsiY3JlYXRlIjo2MDAwMDAwMDAwMDAsImRlbGV0ZSI6MTIwMDAwMDAwMDAwMCwicmVhZCI6OTAwMDAwMDAwMDAwLCJ1cGRhdGUiOjYwMDAwMDAwMDAwMH0sInNjaGVtYV92ZXJzaW9uIjoiMiJ9",
          "dependencies": [
            "aws_security_group.microblog_sg",
            "data.aws_subnets.default",
            "data.aws_vpc.default"
          ]
        }
      ]
    },
    {
      "mode": "managed",
      "type": "aws_security_group",
      "name": "microblog_sg",
      "provider": "provider[\"registry.terraform.io/hashicorp/aws\"]",
      "instances": [
        {
          "schema_version": 1,
          "attributes": {
            "arn": "arn:aws:ec2:us-east-1:524485340929:security-group/sg-04b67fcdec9ea4ed9",
            "description": "Allow SSH, HTTP, and API",
            "egress": [
              {
                "cidr_blocks": [
                  "0.0.0.0/0"
                ],
                "description": "",
                "from_port": 0,
                "ipv6_cidr_blocks": [],
                "prefix_list_ids": [],
                "protocol": "-1",
                "security_groups": [],
                "self": false,
                "to_port": 0
              }
            ],
            "id": "sg-04b67fcdec9ea4ed9",
            "ingress": [
              {
                "cidr_blocks": [
                  "0.0.0.0/0"
                ],
                "description": "Backend API",
                "from_port": 5000,
                "ipv6_cidr_blocks": [],
                "prefix_list_ids": [],
                "protocol": "tcp",
                "security_groups": [],
                "self": false,
                "to_port": 5000
              },
              {
                "cidr_blocks": [
                  "0.0.0.0/0"
                ],
                "description": "HTTP",
                "from_port": 80,
                "ipv6_cidr_blocks": [],
                "prefix_list_ids": [],
                "protocol": "tcp",
                "security_groups": [],
                "self": false,
                "to_port": 80
              },
              {
                "cidr_blocks": [
                  "0.0.0.0/0"
                ],
                "description": "SSH",
                "from_port": 22,
                "ipv6_cidr_blocks": [],
                "prefix_list_ids": [],
                "protocol": "tcp",
                "security_groups": [],
                "self": false,
                "to_port": 22
              }
            ],
            "name": "microblog-sg",
            "name_prefix": "",
            "owner_id": "524485340929",
            "region": "us-east-1",
            "revoke_rules_on_delete": false,
            "tags": {
              "Name": "microblog-sg"
            },
            "tags_all": {
              "Name": "microblog-sg"
            },
            "timeouts": null,
            "vpc_id": "vpc-02ac37bece223d7c8"
          },
          "sensitive_attributes": [],
          "identity_schema_version": 0,
          "identity": {
            "account_id": "524485340929",
            "id": "sg-04b67fcdec9ea4ed9",
            "region": "us-east-1"
          },
          "private": "eyJlMmJmYjczMC1lY2FhLTExZTYtOGY4OC0zNDM2M2JjN2M0YzAiOnsiY3JlYXRlIjo2MDAwMDAwMDAwMDAsImRlbGV0ZSI6OTAwMDAwMDAwMDAwfSwic2NoZW1hX3ZlcnNpb24iOiIxIn0=",
          "dependencies": [
            "data.aws_vpc.default"
          ]
        }
      ]
    }
  ],
  "check_results": null
}
